
Microsoft Visual Studio Solution File, Format Version 12.00
# Visual Studio Version 17
VisualStudioVersion = 17.1.32210.238
MinimumVisualStudioVersion = 10.0.40219.1
Project("{FAE04EC0-301F-11D3-BF4B-00C04F79EFBC}") = "SummerClass", "SummerClass\SummerClass.csproj", "{011C03BA-8A24-4F64-BA18-4305490A6C2F}"
EndProject
Project("{FAE04EC0-301F-11D3-BF4B-00C04F79EFBC}") = "SummerClass.Domain", "SummerClass.Domain\SummerClass.Domain.csproj", "{6423AB19-38F0-4964-8A5D-3B8D6DA05BB5}"
EndProject
Project("{FAE04EC0-301F-11D3-BF4B-00C04F79EFBC}") = "SummerClass.Application", "SummerClass.Application\SummerClass.Application.csproj", "{9ACDBA9E-7F82-48EA-98B5-743DA41A12CA}"
EndProject
Project("{FAE04EC0-301F-11D3-BF4B-00C04F79EFBC}") = "SummerClass.Infrastructure", "SummerClass.Infrastructure\SummerClass.Infrastructure.csproj", "{D9B4574D-6D69-4B6B-9664-64999F0644F7}"
EndProject
Global
	GlobalSection(SolutionConfigurationPlatforms) = preSolution
		Debug|Any CPU = Debug|Any CPU
		Release|Any CPU = Release|Any CPU
	EndGlobalSection
	GlobalSection(ProjectConfigurationPlatforms) = postSolution
		{011C03BA-8A24-4F64-BA18-4305490A6C2F}.Debug|Any CPU.ActiveCfg = Debug|Any CPU
		{011C03BA-8A24-4F64-BA18-4305490A6C2F}.Debug|Any CPU.Build.0 = Debug|Any CPU
		{011C03BA-8A24-4F64-BA18-4305490A6C2F}.Release|Any CPU.ActiveCfg = Release|Any CPU
		{011C03BA-8A24-4F64-BA18-4305490A6C2F}.Release|Any CPU.Build.0 = Release|Any CPU
		{6423AB19-38F0-4964-8A5D-3B8D6DA05BB5}.Debug|Any CPU.ActiveCfg = Debug|Any CPU
		{6423AB19-38F0-4964-8A5D-3B8D6DA05BB5}.Debug|Any CPU.Build.0 = Debug|Any CPU
		{6423AB19-38F0-4964-8A5D-3B8D6DA05BB5}.Release|Any CPU.ActiveCfg = Release|Any CPU
		{6423AB19-38F0-4964-8A5D-3B8D6DA05BB5}.Release|Any CPU.Build.0 = Release|Any CPU
		{9ACDBA9E-7F82-48EA-98B5-743DA41A12CA}.Debug|Any CPU.ActiveCfg = Debug|Any CPU
		{9ACDBA9E-7F82-48EA-98B5-743DA41A12CA}.Debug|Any CPU.Build.0 = Debug|Any CPU
		{9ACDBA9E-7F82-48EA-98B5-743DA41A12CA}.Release|Any CPU.ActiveCfg = Release|Any CPU
		{9ACDBA9E-7F82-48EA-98B5-743DA41A12CA}.Release|Any CPU.Build.0 = Release|Any CPU
		{D9B4574D-6D69-4B6B-9664-64999F0644F7}.Debug|Any CPU.ActiveCfg = Debug|Any CPU
		{D9B4574D-6D69-4B6B-9664-64999F0644F7}.Debug|Any CPU.Build.0 = Debug|Any CPU
		{D9B4574D-6D69-4B6B-9664-64999F0644F7}.Release|Any CPU.ActiveCfg = Release|Any CPU
		{D9B4574D-6D69-4B6B-9664-64999F0644F7}.Release|Any CPU.Build.0 = Release|Any CPU
	EndGlobalSection
	GlobalSection(SolutionProperties) = preSolution
		HideSolutionNode = FALSE
	EndGlobalSection
	GlobalSection(ExtensibilityGlobals) = postSolution
		SolutionGuid = {DF0C13FF-D8E4-4BF1-8CE5-69B2DCFE5C56}
	EndGlobalSection
EndGlobal
